
Microsoft Visual Studio Solution File, Format Version 12.00
# Visual Studio Version 16
VisualStudioVersion = 16.0.31624.102
MinimumVisualStudioVersion = 10.0.40219.1
Project("{FAE04EC0-301F-11D3-BF4B-00C04F79EFBC}") = "Remoto", "Remoto\Remoto.csproj", "{77D61041-9F43-4CCB-B0A1-47DCF2B7782D}"
EndProject
Global
	GlobalSection(SolutionConfigurationPlatforms) = preSolution
		Debug|Any CPU = Debug|Any CPU
		Release|Any CPU = Release|Any CPU
	EndGlobalSection
	GlobalSection(ProjectConfigurationPlatforms) = postSolution
		{77D61041-9F43-4CCB-B0A1-47DCF2B7782D}.Debug|Any CPU.ActiveCfg = Debug|Any CPU
		{77D61041-9F43-4CCB-B0A1-47DCF2B7782D}.Debug|Any CPU.Build.0 = Debug|Any CPU
		{77D61041-9F43-4CCB-B0A1-47DCF2B7782D}.Release|Any CPU.ActiveCfg = Release|Any CPU
		{77D61041-9F43-4CCB-B0A1-47DCF2B7782D}.Release|Any CPU.Build.0 = Release|Any CPU
	EndGlobalSection
	GlobalSection(SolutionProperties) = preSolution
		HideSolutionNode = FALSE
	EndGlobalSection
	GlobalSection(ExtensibilityGlobals) = postSolution
		SolutionGuid = {E3A38DD9-0343-4C53-9FC1-C424EC185815}
	EndGlobalSection
EndGlobal
